// !$*UTF8*$!
{
	archiveVersion = 1;
	classes = {
	};
	objectVersion = 46;
	objects = {

/* Begin PBXBuildFile section */
		848B1D441CECF3EF00EB88F8 /* AppDelegate.swift in Sources */ = {isa = PBXBuildFile; fileRef = 848B1D431CECF3EF00EB88F8 /* AppDelegate.swift */; };
		848B1D461CECF3EF00EB88F8 /* ViewController.swift in Sources */ = {isa = PBXBuildFile; fileRef = 848B1D451CECF3EF00EB88F8 /* ViewController.swift */; };
		848B1D491CECF3EF00EB88F8 /* Main.storyboard in Resources */ = {isa = PBXBuildFile; fileRef = 848B1D471CECF3EF00EB88F8 /* Main.storyboard */; };
		848B1D4B1CECF3EF00EB88F8 /* Assets.xcassets in Resources */ = {isa = PBXBuildFile; fileRef = 848B1D4A1CECF3EF00EB88F8 /* Assets.xcassets */; };
		848B1D4E1CECF3EF00EB88F8 /* LaunchScreen.storyboard in Resources */ = {isa = PBXBuildFile; fileRef = 848B1D4C1CECF3EF00EB88F8 /* LaunchScreen.storyboard */; };
		848B1D591CED05BB00EB88F8 /* MoreBtn.swift in Sources */ = {isa = PBXBuildFile; fileRef = 848B1D581CED05BB00EB88F8 /* MoreBtn.swift */; };
		8492246D1CED4F13004C46B2 /* DetailVC.swift in Sources */ = {isa = PBXBuildFile; fileRef = 8492246B1CED4F13004C46B2 /* DetailVC.swift */; };
		84CECBF21CED72BC00E6553D /* PhotoVC.swift in Sources */ = {isa = PBXBuildFile; fileRef = 84CECBF11CED72BC00E6553D /* PhotoVC.swift */; };
		84DE229E1CF0D6A00000AD44 /* RoundedImageView.swift in Sources */ = {isa = PBXBuildFile; fileRef = 84DE229D1CF0D6A00000AD44 /* RoundedImageView.swift */; };
/* End PBXBuildFile section */

/* Begin PBXFileReference section */
		848B1D401CECF3EF00EB88F8 /* vero-beach.app */ = {isa = PBXFileReference; explicitFileType = wrapper.application; includeInIndex = 0; path = "vero-beach.app"; sourceTree = BUILT_PRODUCTS_DIR; };
		848B1D431CECF3EF00EB88F8 /* AppDelegate.swift */ = {isa = PBXFileReference; lastKnownFileType = sourcecode.swift; path = AppDelegate.swift; sourceTree = "<group>"; };
		848B1D451CECF3EF00EB88F8 /* ViewController.swift */ = {isa = PBXFileReference; lastKnownFileType = sourcecode.swift; path = ViewController.swift; sourceTree = "<group>"; };
		848B1D481CECF3EF00EB88F8 /* Base */ = {isa = PBXFileReference; lastKnownFileType = file.storyboard; name = Base; path = Base.lproj/Main.storyboard; sourceTree = "<group>"; };
		848B1D4A1CECF3EF00EB88F8 /* Assets.xcassets */ = {isa = PBXFileReference; lastKnownFileType = folder.assetcatalog; path = Assets.xcassets; sourceTree = "<group>"; };
		848B1D4D1CECF3EF00EB88F8 /* Base */ = {isa = PBXFileReference; lastKnownFileType = file.storyboard; name = Base; path = Base.lproj/LaunchScreen.storyboard; sourceTree = "<group>"; };
		848B1D4F1CECF3EF00EB88F8 /* Info.plist */ = {isa = PBXFileReference; lastKnownFileType = text.plist.xml; path = Info.plist; sourceTree = "<group>"; };
		848B1D581CED05BB00EB88F8 /* MoreBtn.swift */ = {isa = PBXFileReference; fileEncoding = 4; lastKnownFileType = sourcecode.swift; path = MoreBtn.swift; sourceTree = "<group>"; };
		8492246B1CED4F13004C46B2 /* DetailVC.swift */ = {isa = PBXFileReference; fileEncoding = 4; lastKnownFileType = sourcecode.swift; path = DetailVC.swift; sourceTree = "<group>"; };
		84CECBF11CED72BC00E6553D /* PhotoVC.swift */ = {isa = PBXFileReference; fileEncoding = 4; lastKnownFileType = sourcecode.swift; path = PhotoVC.swift; sourceTree = "<group>"; };
		84DE229D1CF0D6A00000AD44 /* RoundedImageView.swift */ = {isa = PBXFileReference; fileEncoding = 4; lastKnownFileType = sourcecode.swift; path = RoundedImageView.swift; sourceTree = "<group>"; };
/* End PBXFileReference section */

/* Begin PBXFrameworksBuildPhase section */
		848B1D3D1CECF3EF00EB88F8 /* Frameworks */ = {
			isa = PBXFrameworksBuildPhase;
			buildActionMask = 2147483647;
			files = (
			);
			runOnlyForDeploymentPostprocessing = 0;
		};
/* End PBXFrameworksBuildPhase section */

/* Begin PBXGroup section */
		848B1D371CECF3EF00EB88F8 = {
			isa = PBXGroup;
			children = (
				848B1D421CECF3EF00EB88F8 /* vero-beach */,
				848B1D411CECF3EF00EB88F8 /* Products */,
			);
			sourceTree = "<group>";
		};
		848B1D411CECF3EF00EB88F8 /* Products */ = {
			isa = PBXGroup;
			children = (
				848B1D401CECF3EF00EB88F8 /* vero-beach.app */,
			);
			name = Products;
			sourceTree = "<group>";
		};
		848B1D421CECF3EF00EB88F8 /* vero-beach */ = {
			isa = PBXGroup;
			children = (
				848B1D571CED05A000EB88F8 /* Controller */,
				848B1D561CED059C00EB88F8 /* View */,
				848B1D551CED059200EB88F8 /* Model */,
				848B1D431CECF3EF00EB88F8 /* AppDelegate.swift */,
				848B1D451CECF3EF00EB88F8 /* ViewController.swift */,
				848B1D471CECF3EF00EB88F8 /* Main.storyboard */,
				848B1D4A1CECF3EF00EB88F8 /* Assets.xcassets */,
				848B1D4C1CECF3EF00EB88F8 /* LaunchScreen.storyboard */,
				848B1D4F1CECF3EF00EB88F8 /* Info.plist */,
			);
			path = "vero-beach";
			sourceTree = "<group>";
		};
		848B1D551CED059200EB88F8 /* Model */ = {
			isa = PBXGroup;
			children = (
			);
			name = Model;
			sourceTree = "<group>";
		};
		848B1D561CED059C00EB88F8 /* View */ = {
			isa = PBXGroup;
			children = (
				848B1D581CED05BB00EB88F8 /* MoreBtn.swift */,
				84DE229D1CF0D6A00000AD44 /* RoundedImageView.swift */,
			);
			name = View;
			sourceTree = "<group>";
		};
		848B1D571CED05A000EB88F8 /* Controller */ = {
			isa = PBXGroup;
			children = (
				8492246B1CED4F13004C46B2 /* DetailVC.swift */,
				84CECBF11CED72BC00E6553D /* PhotoVC.swift */,
			);
			name = Controller;
			sourceTree = "<group>";
		};
/* End PBXGroup section */

/* Begin PBXNativeTarget section */
		848B1D3F1CECF3EF00EB88F8 /* vero-beach */ = {
			isa = PBXNativeTarget;
			buildConfigurationList = 848B1D521CECF3EF00EB88F8 /* Build configuration list for PBXNativeTarget "vero-beach" */;
			buildPhases = (
				848B1D3C1CECF3EF00EB88F8 /* Sources */,
				848B1D3D1CECF3EF00EB88F8 /* Frameworks */,
				848B1D3E1CECF3EF00EB88F8 /* Resources */,
			);
			buildRules = (
			);
			dependencies = (
			);
			name = "vero-beach";
			productName = "vero-beach";
			productReference = 848B1D401CECF3EF00EB88F8 /* vero-beach.app */;
			productType = "com.apple.product-type.application";
		};
/* End PBXNativeTarget section */

/* Begin PBXProject section */
		848B1D381CECF3EF00EB88F8 /* Project object */ = {
			isa = PBXProject;
			attributes = {
				LastSwiftUpdateCheck = 0730;
				LastUpgradeCheck = 0730;
				ORGANIZATIONNAME = Karabensh;
				TargetAttributes = {
					848B1D3F1CECF3EF00EB88F8 = {
						CreatedOnToolsVersion = 7.3.1;
						DevelopmentTeam = PBDXZS93T4;
					};
				};
			};
			buildConfigurationList = 848B1D3B1CECF3EF00EB88F8 /* Build configuration list for PBXProject "vero-beach" */;
			compatibilityVersion = "Xcode 3.2";
			developmentRegion = English;
			hasScannedForEncodings = 0;
			knownRegions = (
				en,
				Base,
			);
			mainGroup = 848B1D371CECF3EF00EB88F8;
			productRefGroup = 848B1D411CECF3EF00EB88F8 /* Products */;
			projectDirPath = "";
			projectRoot = "";
			targets = (
				848B1D3F1CECF3EF00EB88F8 /* vero-beach */,
			);
		};
/* End PBXProject section */

/* Begin PBXResourcesBuildPhase section */
		848B1D3E1CECF3EF00EB88F8 /* Resources */ = {
			isa = PBXResourcesBuildPhase;
			buildActionMask = 2147483647;
			files = (
				848B1D4E1CECF3EF00EB88F8 /* LaunchScreen.storyboard in Resources */,
				848B1D4B1CECF3EF00EB88F8 /* Assets.xcassets in Resources */,
				848B1D491CECF3EF00EB88F8 /* Main.storyboard in Resources */,
			);
			runOnlyForDeploymentPostprocessing = 0;
		};
/* End PBXResourcesBuildPhase section */

/* Begin PBXSourcesBuildPhase section */
		848B1D3C1CECF3EF00EB88F8 /* Sources */ = {
			isa = PBXSourcesBuildPhase;
			buildActionMask = 2147483647;
			files = (
				848B1D591CED05BB00EB88F8 /* MoreBtn.swift in Sources */,
				8492246D1CED4F13004C46B2 /* DetailVC.swift in Sources */,
				84DE229E1CF0D6A00000AD44 /* RoundedImageView.swift in Sources */,
				848B1D461CECF3EF00EB88F8 /* ViewController.swift in Sources */,
				84CECBF21CED72BC00E6553D /* PhotoVC.swift in Sources */,
				848B1D441CECF3EF00EB88F8 /* AppDelegate.swift in Sources */,
			);
			runOnlyForDeploymentPostprocessing = 0;
		};
/* End PBXSourcesBuildPhase section */

/* Begin PBXVariantGroup section */
		848B1D471CECF3EF00EB88F8 /* Main.storyboard */ = {
			isa = PBXVariantGroup;
			children = (
				848B1D481CECF3EF00EB88F8 /* Base */,
			);
			name = Main.storyboard;
			sourceTree = "<group>";
		};
		848B1D4C1CECF3EF00EB88F8 /* LaunchScreen.storyboard */ = {
			isa = PBXVariantGroup;
			children = (
				848B1D4D1CECF3EF00EB88F8 /* Base */,
			);
			name = LaunchScreen.storyboard;
			sourceTree = "<group>";
		};
/* End PBXVariantGroup section */

/* Begin XCBuildConfiguration section */
		848B1D501CECF3EF00EB88F8 /* Debug */ = {
			isa = XCBuildConfiguration;
			buildSettings = {
				ALWAYS_SEARCH_USER_PATHS = NO;
				CLANG_ANALYZER_NONNULL = YES;
				CLANG_CXX_LANGUAGE_STANDARD = "gnu++0x";
				CLANG_CXX_LIBRARY = "libc++";
				CLANG_ENABLE_MODULES = YES;
				CLANG_ENABLE_OBJC_ARC = YES;
				CLANG_WARN_BOOL_CONVERSION = YES;
				CLANG_WARN_CONSTANT_CONVERSION = YES;
				CLANG_WARN_DIRECT_OBJC_ISA_USAGE = YES_ERROR;
				CLANG_WARN_EMPTY_BODY = YES;
				CLANG_WARN_ENUM_CONVERSION = YES;
				CLANG_WARN_INT_CONVERSION = YES;
				CLANG_WARN_OBJC_ROOT_CLASS = YES_ERROR;
				CLANG_WARN_UNREACHABLE_CODE = YES;
				CLANG_WARN__DUPLICATE_METHOD_MATCH = YES;
				"CODE_SIGN_IDENTITY[sdk=iphoneos*]" = "iPhone Developer";
				COPY_PHASE_STRIP = NO;
				DEBUG_INFORMATION_FORMAT = dwarf;
				ENABLE_STRICT_OBJC_MSGSEND = YES;
				ENABLE_TESTABILITY = YES;
				GCC_C_LANGUAGE_STANDARD = gnu99;
				GCC_DYNAMIC_NO_PIC = NO;
				GCC_NO_COMMON_BLOCKS = YES;
				GCC_OPTIMIZATION_LEVEL = 0;
				GCC_PREPROCESSOR_DEFINITIONS = (
					"DEBUG=1",
					"$(inherited)",
				);
				GCC_WARN_64_TO_32_BIT_CONVERSION = YES;
				GCC_WARN_ABOUT_RETURN_TYPE = YES_ERROR;
				GCC_WARN_UNDECLARED_SELECTOR = YES;
				GCC_WARN_UNINITIALIZED_AUTOS = YES_AGGRESSIVE;
				GCC_WARN_UNUSED_FUNCTION = YES;
				GCC_WARN_UNUSED_VARIABLE = YES;
				IPHONEOS_DEPLOYMENT_TARGET = 9.3;
				MTL_ENABLE_DEBUG_INFO = YES;
				ONLY_ACTIVE_ARCH = YES;
				SDKROOT = iphoneos;
				SWIFT_OPTIMIZATION_LEVEL = "-Onone";
				TARGETED_DEVICE_FAMILY = "1,2";
			};
			name = Debug;
		};
		848B1D511CECF3EF00EB88F8 /* Release */ = {
			isa = XCBuildConfiguration;
			buildSettings = {
				ALWAYS_SEARCH_USER_PATHS = NO;
				CLANG_ANALYZER_NONNULL = YES;
				CLANG_CXX_LANGUAGE_STANDARD = "gnu++0x";
				CLANG_CXX_LIBRARY = "libc++";
				CLANG_ENABLE_MODULES = YES;
				CLANG_ENABLE_OBJC_ARC = YES;
				CLANG_WARN_BOOL_CONVERSION = YES;
				CLANG_WARN_CONSTANT_CONVERSION = YES;
				CLANG_WARN_DIRECT_OBJC_ISA_USAGE = YES_ERROR;
				CLANG_WARN_EMPTY_BODY = YES;
				CLANG_WARN_ENUM_CONVERSION = YES;
				CLANG_WARN_INT_CONVERSION = YES;
				CLANG_WARN_OBJC_ROOT_CLASS = YES_ERROR;
				CLANG_WARN_UNREACHABLE_CODE = YES;
				CLANG_WARN__DUPLICATE_METHOD_MATCH = YES;
				"CODE_SIGN_IDENTITY[sdk=iphoneos*]" = "iPhone Developer";
				COPY_PHASE_STRIP = NO;
				DEBUG_INFORMATION_FORMAT = "dwarf-with-dsym";
				ENABLE_NS_ASSERTIONS = NO;
				ENABLE_STRICT_OBJC_MSGSEND = YES;
				GCC_C_LANGUAGE_STANDARD = gnu99;
				GCC_NO_COMMON_BLOCKS = YES;
				GCC_WARN_64_TO_32_BIT_CONVERSION = YES;
				GCC_WARN_ABOUT_RETURN_TYPE = YES_ERROR;
				GCC_WARN_UNDECLARED_SELECTOR = YES;
				GCC_WARN_UNINITIALIZED_AUTOS = YES_AGGRESSIVE;
				GCC_WARN_UNUSED_FUNCTION = YES;
				GCC_WARN_UNUSED_VARIABLE = YES;
				IPHONEOS_DEPLOYMENT_TARGET = 9.3;
				MTL_ENABLE_DEBUG_INFO = NO;
				SDKROOT = iphoneos;
				TARGETED_DEVICE_FAMILY = "1,2";
				VALIDATE_PRODUCT = YES;
			};
			name = Release;
		};
		848B1D531CECF3EF00EB88F8 /* Debug */ = {
			isa = XCBuildConfiguration;
			buildSettings = {
				ASSETCATALOG_COMPILER_APPICON_NAME = AppIcon;
				CODE_SIGN_IDENTITY = "iPhone Developer";
				"CODE_SIGN_IDENTITY[sdk=iphoneos*]" = "iPhone Developer";
				INFOPLIST_FILE = "vero-beach/Info.plist";
				LD_RUNPATH_SEARCH_PATHS = "$(inherited) @executable_path/Frameworks";
				PRODUCT_BUNDLE_IDENTIFIER = "com.Karabensh.vero-beach";
				PRODUCT_NAME = "$(TARGET_NAME)";
				PROVISIONING_PROFILE = "";
			};
			name = Debug;
		};
		848B1D541CECF3EF00EB88F8 /* Release */ = {
			isa = XCBuildConfiguration;
			buildSettings = {
				ASSETCATALOG_COMPILER_APPICON_NAME = AppIcon;
				CODE_SIGN_IDENTITY = "iPhone Developer";
				"CODE_SIGN_IDENTITY[sdk=iphoneos*]" = "iPhone Developer";
				INFOPLIST_FILE = "vero-beach/Info.plist";
				LD_RUNPATH_SEARCH_PATHS = "$(inherited) @executable_path/Frameworks";
				PRODUCT_BUNDLE_IDENTIFIER = "com.Karabensh.vero-beach";
				PRODUCT_NAME = "$(TARGET_NAME)";
				PROVISIONING_PROFILE = "";
			};
			name = Release;
		};
/* End XCBuildConfiguration section */

/* Begin XCConfigurationList section */
		848B1D3B1CECF3EF00EB88F8 /* Build configuration list for PBXProject "vero-beach" */ = {
			isa = XCConfigurationList;
			buildConfigurations = (
				848B1D501CECF3EF00EB88F8 /* Debug */,
				848B1D511CECF3EF00EB88F8 /* Release */,
			);
			defaultConfigurationIsVisible = 0;
			defaultConfigurationName = Release;
		};
		848B1D521CECF3EF00EB88F8 /* Build configuration list for PBXNativeTarget "vero-beach" */ = {
			isa = XCConfigurationList;
			buildConfigurations = (
				848B1D531CECF3EF00EB88F8 /* Debug */,
				848B1D541CECF3EF00EB88F8 /* Release */,
			);
			defaultConfigurationIsVisible = 0;
			defaultConfigurationName = Release;
		};
/* End XCConfigurationList section */
	};
	rootObject = 848B1D381CECF3EF00EB88F8 /* Project object */;
}
